{
  "name": "@alissonsteffens/sklz",
  "version": "0.1.3",
  "lockfileVersion": 3,
  "requires": true,
  "packages": {
    "": {
      "name": "@alissonsteffens/sklz",
      "version": "0.1.3",
      "license": "MIT",
      "bin": {
        "sklz": "bin/sklz.js"
      },
      "engines": {
        "node": ">=18.0.0"
      }
    }
  }
}
