{
  "name": "sklz",
  "version": "0.0.2",
  "lockfileVersion": 3,
  "requires": true,
  "packages": {
    "": {
      "name": "sklz",
      "version": "0.0.2",
      "license": "MIT",
      "bin": {
        "sklz": "bin/sklz.js"
      },
      "engines": {
        "node": ">=18.0.0"
      }
    }
  }
}
